
Microsoft Visual Studio Solution File, Format Version 12.00
# Visual Studio 2013
VisualStudioVersion = 12.0.21005.1
MinimumVisualStudioVersion = 10.0.40219.1
Project("{CC5FD16D-436D-48AD-A40C-5A424C6E3E79}") = "SevenUpAzureWeb", "SevenUpAzureWeb\SevenUpAzureWeb.ccproj", "{B338FC12-EE54-43E0-B10C-BCEAA90557C2}"
EndProject
Project("{FAE04EC0-301F-11D3-BF4B-00C04F79EFBC}") = "SevenUp.Web", "SevenUpWeb\SevenUp.Web.csproj", "{3483615B-70EF-45A2-B098-ACF500CBC44A}"
EndProject
Project("{FAE04EC0-301F-11D3-BF4B-00C04F79EFBC}") = "SevenUp.Business", "SevenUp.Business\SevenUp.Business.csproj", "{6E251A4D-AEDA-488C-BC93-E7C9289845AE}"
EndProject
Project("{FAE04EC0-301F-11D3-BF4B-00C04F79EFBC}") = "SevenUp.DataAccess", "SevenUp.DataAccess\SevenUp.DataAccess.csproj", "{0E659978-9F7D-4549-9618-2FE963438999}"
EndProject
Project("{FAE04EC0-301F-11D3-BF4B-00C04F79EFBC}") = "SevenUp.Common", "SevenUp.Common\SevenUp.Common.csproj", "{3DC10ACD-0DD0-46C0-9C0C-4A59336BA325}"
EndProject
Global
	GlobalSection(SolutionConfigurationPlatforms) = preSolution
		Debug|Any CPU = Debug|Any CPU
		Release|Any CPU = Release|Any CPU
	EndGlobalSection
	GlobalSection(ProjectConfigurationPlatforms) = postSolution
		{B338FC12-EE54-43E0-B10C-BCEAA90557C2}.Debug|Any CPU.ActiveCfg = Debug|Any CPU
		{B338FC12-EE54-43E0-B10C-BCEAA90557C2}.Debug|Any CPU.Build.0 = Debug|Any CPU
		{B338FC12-EE54-43E0-B10C-BCEAA90557C2}.Release|Any CPU.ActiveCfg = Release|Any CPU
		{B338FC12-EE54-43E0-B10C-BCEAA90557C2}.Release|Any CPU.Build.0 = Release|Any CPU
		{3483615B-70EF-45A2-B098-ACF500CBC44A}.Debug|Any CPU.ActiveCfg = Debug|Any CPU
		{3483615B-70EF-45A2-B098-ACF500CBC44A}.Debug|Any CPU.Build.0 = Debug|Any CPU
		{3483615B-70EF-45A2-B098-ACF500CBC44A}.Release|Any CPU.ActiveCfg = Release|Any CPU
		{3483615B-70EF-45A2-B098-ACF500CBC44A}.Release|Any CPU.Build.0 = Release|Any CPU
		{6E251A4D-AEDA-488C-BC93-E7C9289845AE}.Debug|Any CPU.ActiveCfg = Debug|Any CPU
		{6E251A4D-AEDA-488C-BC93-E7C9289845AE}.Debug|Any CPU.Build.0 = Debug|Any CPU
		{6E251A4D-AEDA-488C-BC93-E7C9289845AE}.Release|Any CPU.ActiveCfg = Release|Any CPU
		{6E251A4D-AEDA-488C-BC93-E7C9289845AE}.Release|Any CPU.Build.0 = Release|Any CPU
		{0E659978-9F7D-4549-9618-2FE963438999}.Debug|Any CPU.ActiveCfg = Debug|Any CPU
		{0E659978-9F7D-4549-9618-2FE963438999}.Debug|Any CPU.Build.0 = Debug|Any CPU
		{0E659978-9F7D-4549-9618-2FE963438999}.Release|Any CPU.ActiveCfg = Release|Any CPU
		{0E659978-9F7D-4549-9618-2FE963438999}.Release|Any CPU.Build.0 = Release|Any CPU
		{3DC10ACD-0DD0-46C0-9C0C-4A59336BA325}.Debug|Any CPU.ActiveCfg = Debug|Any CPU
		{3DC10ACD-0DD0-46C0-9C0C-4A59336BA325}.Debug|Any CPU.Build.0 = Debug|Any CPU
		{3DC10ACD-0DD0-46C0-9C0C-4A59336BA325}.Release|Any CPU.ActiveCfg = Release|Any CPU
		{3DC10ACD-0DD0-46C0-9C0C-4A59336BA325}.Release|Any CPU.Build.0 = Release|Any CPU
	EndGlobalSection
	GlobalSection(SolutionProperties) = preSolution
		HideSolutionNode = FALSE
	EndGlobalSection
EndGlobal
